// !$*UTF8*$!
{
	archiveVersion = 1;
	classes = {
	};
	objectVersion = 56;
	objects = {

/* Begin PBXBuildFile section */
		D21E79F529CC6983007AC3FA /* AppDelegate.swift in Sources */ = {isa = PBXBuildFile; fileRef = D21E79F429CC6983007AC3FA /* AppDelegate.swift */; };
		D21E79F729CC6983007AC3FA /* SceneDelegate.swift in Sources */ = {isa = PBXBuildFile; fileRef = D21E79F629CC6983007AC3FA /* SceneDelegate.swift */; };
		D21E79F929CC6983007AC3FA /* HomeViewController.swift in Sources */ = {isa = PBXBuildFile; fileRef = D21E79F829CC6983007AC3FA /* HomeViewController.swift */; };
		D21E79FC29CC6983007AC3FA /* Main.storyboard in Resources */ = {isa = PBXBuildFile; fileRef = D21E79FA29CC6983007AC3FA /* Main.storyboard */; };
		D21E79FE29CC6984007AC3FA /* Assets.xcassets in Resources */ = {isa = PBXBuildFile; fileRef = D21E79FD29CC6984007AC3FA /* Assets.xcassets */; };
		D21E7A0129CC6984007AC3FA /* LaunchScreen.storyboard in Resources */ = {isa = PBXBuildFile; fileRef = D21E79FF29CC6984007AC3FA /* LaunchScreen.storyboard */; };
		D21E7A0929CC6CAF007AC3FA /* ListViewController.swift in Sources */ = {isa = PBXBuildFile; fileRef = D21E7A0829CC6CAF007AC3FA /* ListViewController.swift */; };
		D21E7A0C29CC6F5A007AC3FA /* ListTableViewHelper.swift in Sources */ = {isa = PBXBuildFile; fileRef = D21E7A0B29CC6F5A007AC3FA /* ListTableViewHelper.swift */; };
		D21E7A0F29CC6FA7007AC3FA /* ListTableViewCell.swift in Sources */ = {isa = PBXBuildFile; fileRef = D21E7A0D29CC6FA7007AC3FA /* ListTableViewCell.swift */; };
		D21E7A1029CC6FA7007AC3FA /* ListTableViewCell.xib in Resources */ = {isa = PBXBuildFile; fileRef = D21E7A0E29CC6FA7007AC3FA /* ListTableViewCell.xib */; };
		D21E7A1429CC80C4007AC3FA /* DetailViewController.swift in Sources */ = {isa = PBXBuildFile; fileRef = D21E7A1329CC80C4007AC3FA /* DetailViewController.swift */; };
		D21E7A1A29CCDB2C007AC3FA /* PokemonModel.swift in Sources */ = {isa = PBXBuildFile; fileRef = D21E7A1929CCDB2C007AC3FA /* PokemonModel.swift */; };
		D21E7A1C29CCDC05007AC3FA /* APIClients.swift in Sources */ = {isa = PBXBuildFile; fileRef = D21E7A1B29CCDC05007AC3FA /* APIClients.swift */; };
		D21E7A1E29CCF6E9007AC3FA /* PokemonSelectedModel.swift in Sources */ = {isa = PBXBuildFile; fileRef = D21E7A1D29CCF6E9007AC3FA /* PokemonSelectedModel.swift */; };
		D21E7A2129CD054F007AC3FA /* ListViewModel.swift in Sources */ = {isa = PBXBuildFile; fileRef = D21E7A2029CD054F007AC3FA /* ListViewModel.swift */; };
		D21E7A2629CDEE5D007AC3FA /* SDWebImage in Frameworks */ = {isa = PBXBuildFile; productRef = D21E7A2529CDEE5D007AC3FA /* SDWebImage */; };
		D21E7A2829CE284C007AC3FA /* DetailModel.swift in Sources */ = {isa = PBXBuildFile; fileRef = D21E7A2729CE284C007AC3FA /* DetailModel.swift */; };
		D21E7A3029CE4C1D007AC3FA /* Gradients.swift in Sources */ = {isa = PBXBuildFile; fileRef = D21E7A2F29CE4C1D007AC3FA /* Gradients.swift */; };
		D2662A2229CEFBD400E10859 /* DetailViewModel.swift in Sources */ = {isa = PBXBuildFile; fileRef = D2662A2129CEFBD400E10859 /* DetailViewModel.swift */; };
		D2662A2429CF916900E10859 /* APIError.swift in Sources */ = {isa = PBXBuildFile; fileRef = D2662A2329CF916900E10859 /* APIError.swift */; };
		D2662A2629CFBE5A00E10859 /* APIConstant.swift in Sources */ = {isa = PBXBuildFile; fileRef = D2662A2529CFBE5A00E10859 /* APIConstant.swift */; };
/* End PBXBuildFile section */

/* Begin PBXFileReference section */
		D21E79F129CC6983007AC3FA /* PokemonApp.app */ = {isa = PBXFileReference; explicitFileType = wrapper.application; includeInIndex = 0; path = PokemonApp.app; sourceTree = BUILT_PRODUCTS_DIR; };
		D21E79F429CC6983007AC3FA /* AppDelegate.swift */ = {isa = PBXFileReference; lastKnownFileType = sourcecode.swift; path = AppDelegate.swift; sourceTree = "<group>"; };
		D21E79F629CC6983007AC3FA /* SceneDelegate.swift */ = {isa = PBXFileReference; lastKnownFileType = sourcecode.swift; path = SceneDelegate.swift; sourceTree = "<group>"; };
		D21E79F829CC6983007AC3FA /* HomeViewController.swift */ = {isa = PBXFileReference; lastKnownFileType = sourcecode.swift; path = HomeViewController.swift; sourceTree = "<group>"; };
		D21E79FB29CC6983007AC3FA /* Base */ = {isa = PBXFileReference; lastKnownFileType = file.storyboard; name = Base; path = Base.lproj/Main.storyboard; sourceTree = "<group>"; };
		D21E79FD29CC6984007AC3FA /* Assets.xcassets */ = {isa = PBXFileReference; lastKnownFileType = folder.assetcatalog; path = Assets.xcassets; sourceTree = "<group>"; };
		D21E7A0029CC6984007AC3FA /* Base */ = {isa = PBXFileReference; lastKnownFileType = file.storyboard; name = Base; path = Base.lproj/LaunchScreen.storyboard; sourceTree = "<group>"; };
		D21E7A0229CC6984007AC3FA /* Info.plist */ = {isa = PBXFileReference; lastKnownFileType = text.plist.xml; path = Info.plist; sourceTree = "<group>"; };
		D21E7A0829CC6CAF007AC3FA /* ListViewController.swift */ = {isa = PBXFileReference; lastKnownFileType = sourcecode.swift; path = ListViewController.swift; sourceTree = "<group>"; };
		D21E7A0B29CC6F5A007AC3FA /* ListTableViewHelper.swift */ = {isa = PBXFileReference; lastKnownFileType = sourcecode.swift; path = ListTableViewHelper.swift; sourceTree = "<group>"; };
		D21E7A0D29CC6FA7007AC3FA /* ListTableViewCell.swift */ = {isa = PBXFileReference; lastKnownFileType = sourcecode.swift; path = ListTableViewCell.swift; sourceTree = "<group>"; };
		D21E7A0E29CC6FA7007AC3FA /* ListTableViewCell.xib */ = {isa = PBXFileReference; lastKnownFileType = file.xib; path = ListTableViewCell.xib; sourceTree = "<group>"; };
		D21E7A1329CC80C4007AC3FA /* DetailViewController.swift */ = {isa = PBXFileReference; lastKnownFileType = sourcecode.swift; path = DetailViewController.swift; sourceTree = "<group>"; };
		D21E7A1929CCDB2C007AC3FA /* PokemonModel.swift */ = {isa = PBXFileReference; lastKnownFileType = sourcecode.swift; path = PokemonModel.swift; sourceTree = "<group>"; };
		D21E7A1B29CCDC05007AC3FA /* APIClients.swift */ = {isa = PBXFileReference; lastKnownFileType = sourcecode.swift; path = APIClients.swift; sourceTree = "<group>"; };
		D21E7A1D29CCF6E9007AC3FA /* PokemonSelectedModel.swift */ = {isa = PBXFileReference; lastKnownFileType = sourcecode.swift; path = PokemonSelectedModel.swift; sourceTree = "<group>"; };
		D21E7A2029CD054F007AC3FA /* ListViewModel.swift */ = {isa = PBXFileReference; lastKnownFileType = sourcecode.swift; path = ListViewModel.swift; sourceTree = "<group>"; };
		D21E7A2729CE284C007AC3FA /* DetailModel.swift */ = {isa = PBXFileReference; lastKnownFileType = sourcecode.swift; path = DetailModel.swift; sourceTree = "<group>"; };
		D21E7A2F29CE4C1D007AC3FA /* Gradients.swift */ = {isa = PBXFileReference; lastKnownFileType = sourcecode.swift; path = Gradients.swift; sourceTree = "<group>"; };
		D2662A2129CEFBD400E10859 /* DetailViewModel.swift */ = {isa = PBXFileReference; lastKnownFileType = sourcecode.swift; path = DetailViewModel.swift; sourceTree = "<group>"; };
		D2662A2329CF916900E10859 /* APIError.swift */ = {isa = PBXFileReference; lastKnownFileType = sourcecode.swift; path = APIError.swift; sourceTree = "<group>"; };
		D2662A2529CFBE5A00E10859 /* APIConstant.swift */ = {isa = PBXFileReference; lastKnownFileType = sourcecode.swift; path = APIConstant.swift; sourceTree = "<group>"; };
/* End PBXFileReference section */

/* Begin PBXFrameworksBuildPhase section */
		D21E79EE29CC6983007AC3FA /* Frameworks */ = {
			isa = PBXFrameworksBuildPhase;
			buildActionMask = 2147483647;
			files = (
				D21E7A2629CDEE5D007AC3FA /* SDWebImage in Frameworks */,
			);
			runOnlyForDeploymentPostprocessing = 0;
		};
/* End PBXFrameworksBuildPhase section */

/* Begin PBXGroup section */
		D21E79E829CC6983007AC3FA = {
			isa = PBXGroup;
			children = (
				D21E79F329CC6983007AC3FA /* PokemonApp */,
				D21E79F229CC6983007AC3FA /* Products */,
			);
			sourceTree = "<group>";
		};
		D21E79F229CC6983007AC3FA /* Products */ = {
			isa = PBXGroup;
			children = (
				D21E79F129CC6983007AC3FA /* PokemonApp.app */,
			);
			name = Products;
			sourceTree = "<group>";
		};
		D21E79F329CC6983007AC3FA /* PokemonApp */ = {
			isa = PBXGroup;
			children = (
				D2662A2E29D0690F00E10859 /* Util */,
				D2662A2D29D068E300E10859 /* App */,
				D21E7A1829CCDAFD007AC3FA /* Core */,
				D21E7A1229CC8058007AC3FA /* HomePage */,
				D21E7A0A29CC6F2C007AC3FA /* ListPage */,
				D21E7A1129CC8031007AC3FA /* DetailPage */,
			);
			path = PokemonApp;
			sourceTree = "<group>";
		};
		D21E7A0A29CC6F2C007AC3FA /* ListPage */ = {
			isa = PBXGroup;
			children = (
				D21E7A0829CC6CAF007AC3FA /* ListViewController.swift */,
				D21E7A0B29CC6F5A007AC3FA /* ListTableViewHelper.swift */,
				D2662A2B29D0688D00E10859 /* Model */,
				D2662A2829D0687700E10859 /* ViewModel */,
				D2662A2729D0687100E10859 /* View */,
			);
			path = ListPage;
			sourceTree = "<group>";
		};
		D21E7A1129CC8031007AC3FA /* DetailPage */ = {
			isa = PBXGroup;
			children = (
				D21E7A1329CC80C4007AC3FA /* DetailViewController.swift */,
				D2662A2C29D0689500E10859 /* Model */,
				D2662A2A29D0688300E10859 /* ViewModel */,
				D2662A2929D0688300E10859 /* View */,
			);
			path = DetailPage;
			sourceTree = "<group>";
		};
		D21E7A1229CC8058007AC3FA /* HomePage */ = {
			isa = PBXGroup;
			children = (
				D21E79F829CC6983007AC3FA /* HomeViewController.swift */,
			);
			path = HomePage;
			sourceTree = "<group>";
		};
		D21E7A1829CCDAFD007AC3FA /* Core */ = {
			isa = PBXGroup;
			children = (
				D21E7A1B29CCDC05007AC3FA /* APIClients.swift */,
				D2662A2529CFBE5A00E10859 /* APIConstant.swift */,
				D2662A2329CF916900E10859 /* APIError.swift */,
			);
			path = Core;
			sourceTree = "<group>";
		};
		D2662A2729D0687100E10859 /* View */ = {
			isa = PBXGroup;
			children = (
				D21E7A0E29CC6FA7007AC3FA /* ListTableViewCell.xib */,
				D21E7A0D29CC6FA7007AC3FA /* ListTableViewCell.swift */,
			);
			path = View;
			sourceTree = "<group>";
		};
		D2662A2829D0687700E10859 /* ViewModel */ = {
			isa = PBXGroup;
			children = (
				D21E7A2029CD054F007AC3FA /* ListViewModel.swift */,
			);
			path = ViewModel;
			sourceTree = "<group>";
		};
		D2662A2929D0688300E10859 /* View */ = {
			isa = PBXGroup;
			children = (
			);
			path = View;
			sourceTree = "<group>";
		};
		D2662A2A29D0688300E10859 /* ViewModel */ = {
			isa = PBXGroup;
			children = (
				D2662A2129CEFBD400E10859 /* DetailViewModel.swift */,
			);
			path = ViewModel;
			sourceTree = "<group>";
		};
		D2662A2B29D0688D00E10859 /* Model */ = {
			isa = PBXGroup;
			children = (
				D21E7A1D29CCF6E9007AC3FA /* PokemonSelectedModel.swift */,
				D21E7A1929CCDB2C007AC3FA /* PokemonModel.swift */,
			);
			path = Model;
			sourceTree = "<group>";
		};
		D2662A2C29D0689500E10859 /* Model */ = {
			isa = PBXGroup;
			children = (
				D21E7A2729CE284C007AC3FA /* DetailModel.swift */,
			);
			path = Model;
			sourceTree = "<group>";
		};
		D2662A2D29D068E300E10859 /* App */ = {
			isa = PBXGroup;
			children = (
				D21E7A0229CC6984007AC3FA /* Info.plist */,
				D21E79FD29CC6984007AC3FA /* Assets.xcassets */,
				D21E79FF29CC6984007AC3FA /* LaunchScreen.storyboard */,
				D21E79FA29CC6983007AC3FA /* Main.storyboard */,
				D21E79F629CC6983007AC3FA /* SceneDelegate.swift */,
				D21E79F429CC6983007AC3FA /* AppDelegate.swift */,
			);
			path = App;
			sourceTree = "<group>";
		};
		D2662A2E29D0690F00E10859 /* Util */ = {
			isa = PBXGroup;
			children = (
				D2662A2F29D0691700E10859 /* Extension */,
			);
			path = Util;
			sourceTree = "<group>";
		};
		D2662A2F29D0691700E10859 /* Extension */ = {
			isa = PBXGroup;
			children = (
				D21E7A2F29CE4C1D007AC3FA /* Gradients.swift */,
			);
			path = Extension;
			sourceTree = "<group>";
		};
/* End PBXGroup section */

/* Begin PBXNativeTarget section */
		D21E79F029CC6983007AC3FA /* PokemonApp */ = {
			isa = PBXNativeTarget;
			buildConfigurationList = D21E7A0529CC6984007AC3FA /* Build configuration list for PBXNativeTarget "PokemonApp" */;
			buildPhases = (
				D21E79ED29CC6983007AC3FA /* Sources */,
				D21E79EE29CC6983007AC3FA /* Frameworks */,
				D21E79EF29CC6983007AC3FA /* Resources */,
			);
			buildRules = (
			);
			dependencies = (
			);
			name = PokemonApp;
			packageProductDependencies = (
				D21E7A2529CDEE5D007AC3FA /* SDWebImage */,
			);
			productName = PokemonApp;
			productReference = D21E79F129CC6983007AC3FA /* PokemonApp.app */;
			productType = "com.apple.product-type.application";
		};
/* End PBXNativeTarget section */

/* Begin PBXProject section */
		D21E79E929CC6983007AC3FA /* Project object */ = {
			isa = PBXProject;
			attributes = {
				BuildIndependentTargetsInParallel = 1;
				LastSwiftUpdateCheck = 1410;
				LastUpgradeCheck = 1410;
				TargetAttributes = {
					D21E79F029CC6983007AC3FA = {
						CreatedOnToolsVersion = 14.1;
					};
				};
			};
			buildConfigurationList = D21E79EC29CC6983007AC3FA /* Build configuration list for PBXProject "PokemonApp" */;
			compatibilityVersion = "Xcode 14.0";
			developmentRegion = en;
			hasScannedForEncodings = 0;
			knownRegions = (
				en,
				Base,
			);
			mainGroup = D21E79E829CC6983007AC3FA;
			packageReferences = (
				D21E7A2429CDEE5D007AC3FA /* XCRemoteSwiftPackageReference "SDWebImage" */,
			);
			productRefGroup = D21E79F229CC6983007AC3FA /* Products */;
			projectDirPath = "";
			projectRoot = "";
			targets = (
				D21E79F029CC6983007AC3FA /* PokemonApp */,
			);
		};
/* End PBXProject section */

/* Begin PBXResourcesBuildPhase section */
		D21E79EF29CC6983007AC3FA /* Resources */ = {
			isa = PBXResourcesBuildPhase;
			buildActionMask = 2147483647;
			files = (
				D21E7A0129CC6984007AC3FA /* LaunchScreen.storyboard in Resources */,
				D21E7A1029CC6FA7007AC3FA /* ListTableViewCell.xib in Resources */,
				D21E79FE29CC6984007AC3FA /* Assets.xcassets in Resources */,
				D21E79FC29CC6983007AC3FA /* Main.storyboard in Resources */,
			);
			runOnlyForDeploymentPostprocessing = 0;
		};
/* End PBXResourcesBuildPhase section */

/* Begin PBXSourcesBuildPhase section */
		D21E79ED29CC6983007AC3FA /* Sources */ = {
			isa = PBXSourcesBuildPhase;
			buildActionMask = 2147483647;
			files = (
				D2662A2629CFBE5A00E10859 /* APIConstant.swift in Sources */,
				D21E7A3029CE4C1D007AC3FA /* Gradients.swift in Sources */,
				D21E7A2829CE284C007AC3FA /* DetailModel.swift in Sources */,
				D21E79F929CC6983007AC3FA /* HomeViewController.swift in Sources */,
				D21E7A1C29CCDC05007AC3FA /* APIClients.swift in Sources */,
				D21E79F529CC6983007AC3FA /* AppDelegate.swift in Sources */,
				D21E7A0929CC6CAF007AC3FA /* ListViewController.swift in Sources */,
				D21E7A1E29CCF6E9007AC3FA /* PokemonSelectedModel.swift in Sources */,
				D21E7A0C29CC6F5A007AC3FA /* ListTableViewHelper.swift in Sources */,
				D2662A2429CF916900E10859 /* APIError.swift in Sources */,
				D21E79F729CC6983007AC3FA /* SceneDelegate.swift in Sources */,
				D2662A2229CEFBD400E10859 /* DetailViewModel.swift in Sources */,
				D21E7A0F29CC6FA7007AC3FA /* ListTableViewCell.swift in Sources */,
				D21E7A1429CC80C4007AC3FA /* DetailViewController.swift in Sources */,
				D21E7A1A29CCDB2C007AC3FA /* PokemonModel.swift in Sources */,
				D21E7A2129CD054F007AC3FA /* ListViewModel.swift in Sources */,
			);
			runOnlyForDeploymentPostprocessing = 0;
		};
/* End PBXSourcesBuildPhase section */

/* Begin PBXVariantGroup section */
		D21E79FA29CC6983007AC3FA /* Main.storyboard */ = {
			isa = PBXVariantGroup;
			children = (
				D21E79FB29CC6983007AC3FA /* Base */,
			);
			name = Main.storyboard;
			sourceTree = "<group>";
		};
		D21E79FF29CC6984007AC3FA /* LaunchScreen.storyboard */ = {
			isa = PBXVariantGroup;
			children = (
				D21E7A0029CC6984007AC3FA /* Base */,
			);
			name = LaunchScreen.storyboard;
			sourceTree = "<group>";
		};
/* End PBXVariantGroup section */

/* Begin XCBuildConfiguration section */
		D21E7A0329CC6984007AC3FA /* Debug */ = {
			isa = XCBuildConfiguration;
			buildSettings = {
				ALWAYS_SEARCH_USER_PATHS = NO;
				CLANG_ANALYZER_NONNULL = YES;
				CLANG_ANALYZER_NUMBER_OBJECT_CONVERSION = YES_AGGRESSIVE;
				CLANG_CXX_LANGUAGE_STANDARD = "gnu++20";
				CLANG_ENABLE_MODULES = YES;
				CLANG_ENABLE_OBJC_ARC = YES;
				CLANG_ENABLE_OBJC_WEAK = YES;
				CLANG_WARN_BLOCK_CAPTURE_AUTORELEASING = YES;
				CLANG_WARN_BOOL_CONVERSION = YES;
				CLANG_WARN_COMMA = YES;
				CLANG_WARN_CONSTANT_CONVERSION = YES;
				CLANG_WARN_DEPRECATED_OBJC_IMPLEMENTATIONS = YES;
				CLANG_WARN_DIRECT_OBJC_ISA_USAGE = YES_ERROR;
				CLANG_WARN_DOCUMENTATION_COMMENTS = YES;
				CLANG_WARN_EMPTY_BODY = YES;
				CLANG_WARN_ENUM_CONVERSION = YES;
				CLANG_WARN_INFINITE_RECURSION = YES;
				CLANG_WARN_INT_CONVERSION = YES;
				CLANG_WARN_NON_LITERAL_NULL_CONVERSION = YES;
				CLANG_WARN_OBJC_IMPLICIT_RETAIN_SELF = YES;
				CLANG_WARN_OBJC_LITERAL_CONVERSION = YES;
				CLANG_WARN_OBJC_ROOT_CLASS = YES_ERROR;
				CLANG_WARN_QUOTED_INCLUDE_IN_FRAMEWORK_HEADER = YES;
				CLANG_WARN_RANGE_LOOP_ANALYSIS = YES;
				CLANG_WARN_STRICT_PROTOTYPES = YES;
				CLANG_WARN_SUSPICIOUS_MOVE = YES;
				CLANG_WARN_UNGUARDED_AVAILABILITY = YES_AGGRESSIVE;
				CLANG_WARN_UNREACHABLE_CODE = YES;
				CLANG_WARN__DUPLICATE_METHOD_MATCH = YES;
				COPY_PHASE_STRIP = NO;
				DEBUG_INFORMATION_FORMAT = dwarf;
				ENABLE_STRICT_OBJC_MSGSEND = YES;
				ENABLE_TESTABILITY = YES;
				GCC_C_LANGUAGE_STANDARD = gnu11;
				GCC_DYNAMIC_NO_PIC = NO;
				GCC_NO_COMMON_BLOCKS = YES;
				GCC_OPTIMIZATION_LEVEL = 0;
				GCC_PREPROCESSOR_DEFINITIONS = (
					"DEBUG=1",
					"$(inherited)",
				);
				GCC_WARN_64_TO_32_BIT_CONVERSION = YES;
				GCC_WARN_ABOUT_RETURN_TYPE = YES_ERROR;
				GCC_WARN_UNDECLARED_SELECTOR = YES;
				GCC_WARN_UNINITIALIZED_AUTOS = YES_AGGRESSIVE;
				GCC_WARN_UNUSED_FUNCTION = YES;
				GCC_WARN_UNUSED_VARIABLE = YES;
				IPHONEOS_DEPLOYMENT_TARGET = 16.1;
				MTL_ENABLE_DEBUG_INFO = INCLUDE_SOURCE;
				MTL_FAST_MATH = YES;
				ONLY_ACTIVE_ARCH = YES;
				SDKROOT = iphoneos;
				SWIFT_ACTIVE_COMPILATION_CONDITIONS = DEBUG;
				SWIFT_OPTIMIZATION_LEVEL = "-Onone";
			};
			name = Debug;
		};
		D21E7A0429CC6984007AC3FA /* Release */ = {
			isa = XCBuildConfiguration;
			buildSettings = {
				ALWAYS_SEARCH_USER_PATHS = NO;
				CLANG_ANALYZER_NONNULL = YES;
				CLANG_ANALYZER_NUMBER_OBJECT_CONVERSION = YES_AGGRESSIVE;
				CLANG_CXX_LANGUAGE_STANDARD = "gnu++20";
				CLANG_ENABLE_MODULES = YES;
				CLANG_ENABLE_OBJC_ARC = YES;
				CLANG_ENABLE_OBJC_WEAK = YES;
				CLANG_WARN_BLOCK_CAPTURE_AUTORELEASING = YES;
				CLANG_WARN_BOOL_CONVERSION = YES;
				CLANG_WARN_COMMA = YES;
				CLANG_WARN_CONSTANT_CONVERSION = YES;
				CLANG_WARN_DEPRECATED_OBJC_IMPLEMENTATIONS = YES;
				CLANG_WARN_DIRECT_OBJC_ISA_USAGE = YES_ERROR;
				CLANG_WARN_DOCUMENTATION_COMMENTS = YES;
				CLANG_WARN_EMPTY_BODY = YES;
				CLANG_WARN_ENUM_CONVERSION = YES;
				CLANG_WARN_INFINITE_RECURSION = YES;
				CLANG_WARN_INT_CONVERSION = YES;
				CLANG_WARN_NON_LITERAL_NULL_CONVERSION = YES;
				CLANG_WARN_OBJC_IMPLICIT_RETAIN_SELF = YES;
				CLANG_WARN_OBJC_LITERAL_CONVERSION = YES;
				CLANG_WARN_OBJC_ROOT_CLASS = YES_ERROR;
				CLANG_WARN_QUOTED_INCLUDE_IN_FRAMEWORK_HEADER = YES;
				CLANG_WARN_RANGE_LOOP_ANALYSIS = YES;
				CLANG_WARN_STRICT_PROTOTYPES = YES;
				CLANG_WARN_SUSPICIOUS_MOVE = YES;
				CLANG_WARN_UNGUARDED_AVAILABILITY = YES_AGGRESSIVE;
				CLANG_WARN_UNREACHABLE_CODE = YES;
				CLANG_WARN__DUPLICATE_METHOD_MATCH = YES;
				COPY_PHASE_STRIP = NO;
				DEBUG_INFORMATION_FORMAT = "dwarf-with-dsym";
				ENABLE_NS_ASSERTIONS = NO;
				ENABLE_STRICT_OBJC_MSGSEND = YES;
				GCC_C_LANGUAGE_STANDARD = gnu11;
				GCC_NO_COMMON_BLOCKS = YES;
				GCC_WARN_64_TO_32_BIT_CONVERSION = YES;
				GCC_WARN_ABOUT_RETURN_TYPE = YES_ERROR;
				GCC_WARN_UNDECLARED_SELECTOR = YES;
				GCC_WARN_UNINITIALIZED_AUTOS = YES_AGGRESSIVE;
				GCC_WARN_UNUSED_FUNCTION = YES;
				GCC_WARN_UNUSED_VARIABLE = YES;
				IPHONEOS_DEPLOYMENT_TARGET = 16.1;
				MTL_ENABLE_DEBUG_INFO = NO;
				MTL_FAST_MATH = YES;
				SDKROOT = iphoneos;
				SWIFT_COMPILATION_MODE = wholemodule;
				SWIFT_OPTIMIZATION_LEVEL = "-O";
				VALIDATE_PRODUCT = YES;
			};
			name = Release;
		};
		D21E7A0629CC6984007AC3FA /* Debug */ = {
			isa = XCBuildConfiguration;
			buildSettings = {
				ASSETCATALOG_COMPILER_APPICON_NAME = AppIcon;
				ASSETCATALOG_COMPILER_GLOBAL_ACCENT_COLOR_NAME = AccentColor;
				CODE_SIGN_STYLE = Automatic;
				CURRENT_PROJECT_VERSION = 1;
				GENERATE_INFOPLIST_FILE = YES;
				INFOPLIST_FILE = PokemonApp/App/Info.plist;
				INFOPLIST_KEY_UIApplicationSupportsIndirectInputEvents = YES;
				INFOPLIST_KEY_UILaunchStoryboardName = LaunchScreen;
				INFOPLIST_KEY_UIMainStoryboardFile = Main;
				INFOPLIST_KEY_UISupportedInterfaceOrientations = UIInterfaceOrientationPortrait;
				INFOPLIST_KEY_UISupportedInterfaceOrientations_iPad = "UIInterfaceOrientationLandscapeLeft UIInterfaceOrientationLandscapeRight UIInterfaceOrientationPortrait UIInterfaceOrientationPortraitUpsideDown";
				LD_RUNPATH_SEARCH_PATHS = (
					"$(inherited)",
					"@executable_path/Frameworks",
				);
				MARKETING_VERSION = 1.0;
				PRODUCT_BUNDLE_IDENTIFIER = com.kamilcal.PokemonApp;
				PRODUCT_NAME = "$(TARGET_NAME)";
				SUPPORTED_PLATFORMS = "iphoneos iphonesimulator";
				SUPPORTS_MACCATALYST = NO;
				SUPPORTS_MAC_DESIGNED_FOR_IPHONE_IPAD = NO;
				SWIFT_EMIT_LOC_STRINGS = YES;
				SWIFT_VERSION = 5.0;
				TARGETED_DEVICE_FAMILY = 1;
			};
			name = Debug;
		};
		D21E7A0729CC6984007AC3FA /* Release */ = {
			isa = XCBuildConfiguration;
			buildSettings = {
				ASSETCATALOG_COMPILER_APPICON_NAME = AppIcon;
				ASSETCATALOG_COMPILER_GLOBAL_ACCENT_COLOR_NAME = AccentColor;
				CODE_SIGN_STYLE = Automatic;
				CURRENT_PROJECT_VERSION = 1;
				GENERATE_INFOPLIST_FILE = YES;
				INFOPLIST_FILE = PokemonApp/App/Info.plist;
				INFOPLIST_KEY_UIApplicationSupportsIndirectInputEvents = YES;
				INFOPLIST_KEY_UILaunchStoryboardName = LaunchScreen;
				INFOPLIST_KEY_UIMainStoryboardFile = Main;
				INFOPLIST_KEY_UISupportedInterfaceOrientations = UIInterfaceOrientationPortrait;
				INFOPLIST_KEY_UISupportedInterfaceOrientations_iPad = "UIInterfaceOrientationLandscapeLeft UIInterfaceOrientationLandscapeRight UIInterfaceOrientationPortrait UIInterfaceOrientationPortraitUpsideDown";
				LD_RUNPATH_SEARCH_PATHS = (
					"$(inherited)",
					"@executable_path/Frameworks",
				);
				MARKETING_VERSION = 1.0;
				PRODUCT_BUNDLE_IDENTIFIER = com.kamilcal.PokemonApp;
				PRODUCT_NAME = "$(TARGET_NAME)";
				SUPPORTED_PLATFORMS = "iphoneos iphonesimulator";
				SUPPORTS_MACCATALYST = NO;
				SUPPORTS_MAC_DESIGNED_FOR_IPHONE_IPAD = NO;
				SWIFT_EMIT_LOC_STRINGS = YES;
				SWIFT_VERSION = 5.0;
				TARGETED_DEVICE_FAMILY = 1;
			};
			name = Release;
		};
/* End XCBuildConfiguration section */

/* Begin XCConfigurationList section */
		D21E79EC29CC6983007AC3FA /* Build configuration list for PBXProject "PokemonApp" */ = {
			isa = XCConfigurationList;
			buildConfigurations = (
				D21E7A0329CC6984007AC3FA /* Debug */,
				D21E7A0429CC6984007AC3FA /* Release */,
			);
			defaultConfigurationIsVisible = 0;
			defaultConfigurationName = Release;
		};
		D21E7A0529CC6984007AC3FA /* Build configuration list for PBXNativeTarget "PokemonApp" */ = {
			isa = XCConfigurationList;
			buildConfigurations = (
				D21E7A0629CC6984007AC3FA /* Debug */,
				D21E7A0729CC6984007AC3FA /* Release */,
			);
			defaultConfigurationIsVisible = 0;
			defaultConfigurationName = Release;
		};
/* End XCConfigurationList section */

/* Begin XCRemoteSwiftPackageReference section */
		D21E7A2429CDEE5D007AC3FA /* XCRemoteSwiftPackageReference "SDWebImage" */ = {
			isa = XCRemoteSwiftPackageReference;
			repositoryURL = "https://github.com/SDWebImage/SDWebImage.git";
			requirement = {
				branch = master;
				kind = branch;
			};
		};
/* End XCRemoteSwiftPackageReference section */

/* Begin XCSwiftPackageProductDependency section */
		D21E7A2529CDEE5D007AC3FA /* SDWebImage */ = {
			isa = XCSwiftPackageProductDependency;
			package = D21E7A2429CDEE5D007AC3FA /* XCRemoteSwiftPackageReference "SDWebImage" */;
			productName = SDWebImage;
		};
/* End XCSwiftPackageProductDependency section */
	};
	rootObject = D21E79E929CC6983007AC3FA /* Project object */;
}
